
Microsoft Visual Studio Solution File, Format Version 12.00
Project("{FAE04EC0-301F-11D3-BF4B-00C04F79EFBC}") = "ObjemAPovrchKvadru", "ObjemAPovrchKvadru\ObjemAPovrchKvadru.csproj", "{BFBD3233-0386-4DF1-8AE1-56DB0DF1CADD}"
EndProject
Project("{FAE04EC0-301F-11D3-BF4B-00C04F79EFBC}") = "PytagorovaVeta", "..\PytagorovaVeta\PytagorovaVeta\PytagorovaVeta.csproj", "{98A40069-74D1-4CDD-B20F-956094F2BD25}"
EndProject
Project("{2150E333-8FDC-42A3-9474-1A3956D46DE8}") = "ObjemAPovrchKvadru", "ObjemAPovrchKvadru", "{AE4F94C0-2B3A-404B-B567-D9E003E895E7}"
EndProject
Project("{FAE04EC0-301F-11D3-BF4B-00C04F79EFBC}") = "DatoveTypy", "DatoveTypy\DatoveTypy.csproj", "{465DE658-11BC-445D-8D6F-DCB1237FAFEC}"
EndProject
Project("{FAE04EC0-301F-11D3-BF4B-00C04F79EFBC}") = "ObsahCtvrce", "ObsahCtvrce\ObsahCtvrce.csproj", "{A9ED0474-5B75-45A1-A258-34E8AB80BF19}"
EndProject
Project("{FAE04EC0-301F-11D3-BF4B-00C04F79EFBC}") = "DomaciAHoste", "DomaciAHoste\DomaciAHoste.csproj", "{CF0B0AAC-5685-4BD5-8D12-A759643606C2}"
EndProject
Project("{FAE04EC0-301F-11D3-BF4B-00C04F79EFBC}") = "NakupniKosik", "NakupniKosik\NakupniKosik.csproj", "{7D1A42D7-9339-463E-BD7B-5878EACECDF7}"
EndProject
Project("{FAE04EC0-301F-11D3-BF4B-00C04F79EFBC}") = "VymenaKaret", "VymenaKaret\VymenaKaret.csproj", "{D60EAE29-B8F7-44F5-8FF2-779FF8C438CE}"
EndProject
Project("{FAE04EC0-301F-11D3-BF4B-00C04F79EFBC}") = "NejSkola", "NejSkola\NejSkola.csproj", "{5FC81E6C-94C9-4D5C-91FB-9334E38EF3D9}"
EndProject
Project("{FAE04EC0-301F-11D3-BF4B-00C04F79EFBC}") = "VyssiCislo", "VyssiCislo\VyssiCislo.csproj", "{C3E43254-7B50-4D60-9DE5-FD9202428E12}"
EndProject
Project("{FAE04EC0-301F-11D3-BF4B-00C04F79EFBC}") = "KladneNeboZaporne", "KladneNeboZaporne\KladneNeboZaporne.csproj", "{D47719AE-9BBB-4D3D-900F-F329FEFA5EB4}"
EndProject
Project("{FAE04EC0-301F-11D3-BF4B-00C04F79EFBC}") = "JeTrojuhelnik", "JeTrojuhelnik\JeTrojuhelnik.csproj", "{769D3908-685D-4602-8320-BBE571DD4277}"
EndProject
Project("{FAE04EC0-301F-11D3-BF4B-00C04F79EFBC}") = "ChybaPodminek1", "ChybaPodminek1\ChybaPodminek1.csproj", "{9B23749E-9DC2-487F-8F40-BAF528321ADB}"
EndProject
Project("{FAE04EC0-301F-11D3-BF4B-00C04F79EFBC}") = "SudaNeboLicha", "SudaNeboLicha\SudaNeboLicha.csproj", "{8A86B243-A063-436F-97AA-5892A2330094}"
EndProject
Project("{FAE04EC0-301F-11D3-BF4B-00C04F79EFBC}") = "ChybaPodminek2", "ChybaPodminek2\ChybaPodminek2.csproj", "{4C13212D-272B-4F8C-8587-DE64F8563B49}"
EndProject
Project("{FAE04EC0-301F-11D3-BF4B-00C04F79EFBC}") = "DenVTydnu", "DenVTydnu\DenVTydnu.csproj", "{06A29E95-D3CF-46A7-9FF9-DA888CE7F75B}"
EndProject
Project("{FAE04EC0-301F-11D3-BF4B-00C04F79EFBC}") = "ChybaPodminek3", "ChybaPodminek3\ChybaPodminek3.csproj", "{394F58CF-94E2-4E5F-9A4C-120813007B86}"
EndProject
Project("{FAE04EC0-301F-11D3-BF4B-00C04F79EFBC}") = "AbsolutniHodnota", "AbsolutniHodnota\AbsolutniHodnota.csproj", "{3BDDF232-B31E-4683-B9B1-08041A3A7292}"
EndProject
Project("{FAE04EC0-301F-11D3-BF4B-00C04F79EFBC}") = "JeVikend", "JeVikend\JeVikend.csproj", "{E8A45C80-A61B-493D-836B-72873F21B0EF}"
EndProject
Project("{FAE04EC0-301F-11D3-BF4B-00C04F79EFBC}") = "ChybaPodminek4", "ChybaPodminek4\ChybaPodminek4.csproj", "{E6B26E24-A574-4B1C-A220-AD028F23D933}"
EndProject
Project("{FAE04EC0-301F-11D3-BF4B-00C04F79EFBC}") = "DuchodovaKalkulacka", "DuchodovaKalkulacka\DuchodovaKalkulacka.csproj", "{AA16FBEC-DD26-4AF2-9EFB-8F116C28EF8E}"
EndProject
Project("{FAE04EC0-301F-11D3-BF4B-00C04F79EFBC}") = "Znamkovac", "Znamkovac\Znamkovac.csproj", "{24BF3A87-D1FE-4D8B-A449-5937753F67CA}"
EndProject
Project("{FAE04EC0-301F-11D3-BF4B-00C04F79EFBC}") = "KolikDnuMaMesic", "KolikDnuMaMesic\KolikDnuMaMesic.csproj", "{BC1A9C8E-A7CF-4B5E-8B7E-43E2D5CA6BD5}"
EndProject
Project("{FAE04EC0-301F-11D3-BF4B-00C04F79EFBC}") = "ChybaPodminek5", "ChybaPodminek5\ChybaPodminek5.csproj", "{9EAE534F-B7EA-4257-9594-D53DC81C62A3}"
EndProject
Project("{FAE04EC0-301F-11D3-BF4B-00C04F79EFBC}") = "NacteniBoolZKlavesnice", "NacteniBoolZKlavesnice\NacteniBoolZKlavesnice.csproj", "{8508DF52-7E76-4948-AA1F-8745B9E173B3}"
EndProject
Project("{FAE04EC0-301F-11D3-BF4B-00C04F79EFBC}") = "JeSamohlaska", "JeSamohlaska\JeSamohlaska.csproj", "{6619FE42-8173-48CE-8812-9D0E383127D1}"
EndProject
Project("{FAE04EC0-301F-11D3-BF4B-00C04F79EFBC}") = "ZapisZlomku", "ZapisZlomku\ZapisZlomku.csproj", "{E2952EA5-EAF5-4AB3-9B4E-D6DC4CBB3F82}"
EndProject
Project("{FAE04EC0-301F-11D3-BF4B-00C04F79EFBC}") = "TypZnaku", "TypZnaku\TypZnaku.csproj", "{4292234A-49A9-4D95-AB1B-14F1BADD7D50}"
EndProject
Project("{FAE04EC0-301F-11D3-BF4B-00C04F79EFBC}") = "KteryKvadrat", "KteryKvadrat\KteryKvadrat.csproj", "{EC96401D-2D09-42F9-B25A-F28657A1395F}"
EndProject
Project("{FAE04EC0-301F-11D3-BF4B-00C04F79EFBC}") = "SvatebniPoradce1", "SvatebniPoradce1\SvatebniPoradce1.csproj", "{4063AA0B-461C-43AC-BCC2-9D89C32FB61F}"
EndProject
Global
	GlobalSection(SolutionConfigurationPlatforms) = preSolution
		Debug|Any CPU = Debug|Any CPU
		Release|Any CPU = Release|Any CPU
	EndGlobalSection
	GlobalSection(ProjectConfigurationPlatforms) = postSolution
		{BFBD3233-0386-4DF1-8AE1-56DB0DF1CADD}.Debug|Any CPU.ActiveCfg = Debug|Any CPU
		{BFBD3233-0386-4DF1-8AE1-56DB0DF1CADD}.Debug|Any CPU.Build.0 = Debug|Any CPU
		{BFBD3233-0386-4DF1-8AE1-56DB0DF1CADD}.Release|Any CPU.ActiveCfg = Release|Any CPU
		{BFBD3233-0386-4DF1-8AE1-56DB0DF1CADD}.Release|Any CPU.Build.0 = Release|Any CPU
		{98A40069-74D1-4CDD-B20F-956094F2BD25}.Debug|Any CPU.ActiveCfg = Debug|Any CPU
		{98A40069-74D1-4CDD-B20F-956094F2BD25}.Debug|Any CPU.Build.0 = Debug|Any CPU
		{98A40069-74D1-4CDD-B20F-956094F2BD25}.Release|Any CPU.ActiveCfg = Release|Any CPU
		{98A40069-74D1-4CDD-B20F-956094F2BD25}.Release|Any CPU.Build.0 = Release|Any CPU
		{465DE658-11BC-445D-8D6F-DCB1237FAFEC}.Debug|Any CPU.ActiveCfg = Debug|Any CPU
		{465DE658-11BC-445D-8D6F-DCB1237FAFEC}.Debug|Any CPU.Build.0 = Debug|Any CPU
		{465DE658-11BC-445D-8D6F-DCB1237FAFEC}.Release|Any CPU.ActiveCfg = Release|Any CPU
		{465DE658-11BC-445D-8D6F-DCB1237FAFEC}.Release|Any CPU.Build.0 = Release|Any CPU
		{A9ED0474-5B75-45A1-A258-34E8AB80BF19}.Debug|Any CPU.ActiveCfg = Debug|Any CPU
		{A9ED0474-5B75-45A1-A258-34E8AB80BF19}.Debug|Any CPU.Build.0 = Debug|Any CPU
		{A9ED0474-5B75-45A1-A258-34E8AB80BF19}.Release|Any CPU.ActiveCfg = Release|Any CPU
		{A9ED0474-5B75-45A1-A258-34E8AB80BF19}.Release|Any CPU.Build.0 = Release|Any CPU
		{CF0B0AAC-5685-4BD5-8D12-A759643606C2}.Debug|Any CPU.ActiveCfg = Debug|Any CPU
		{CF0B0AAC-5685-4BD5-8D12-A759643606C2}.Debug|Any CPU.Build.0 = Debug|Any CPU
		{CF0B0AAC-5685-4BD5-8D12-A759643606C2}.Release|Any CPU.ActiveCfg = Release|Any CPU
		{CF0B0AAC-5685-4BD5-8D12-A759643606C2}.Release|Any CPU.Build.0 = Release|Any CPU
		{7D1A42D7-9339-463E-BD7B-5878EACECDF7}.Debug|Any CPU.ActiveCfg = Debug|Any CPU
		{7D1A42D7-9339-463E-BD7B-5878EACECDF7}.Debug|Any CPU.Build.0 = Debug|Any CPU
		{7D1A42D7-9339-463E-BD7B-5878EACECDF7}.Release|Any CPU.ActiveCfg = Release|Any CPU
		{7D1A42D7-9339-463E-BD7B-5878EACECDF7}.Release|Any CPU.Build.0 = Release|Any CPU
		{D60EAE29-B8F7-44F5-8FF2-779FF8C438CE}.Debug|Any CPU.ActiveCfg = Debug|Any CPU
		{D60EAE29-B8F7-44F5-8FF2-779FF8C438CE}.Debug|Any CPU.Build.0 = Debug|Any CPU
		{D60EAE29-B8F7-44F5-8FF2-779FF8C438CE}.Release|Any CPU.ActiveCfg = Release|Any CPU
		{D60EAE29-B8F7-44F5-8FF2-779FF8C438CE}.Release|Any CPU.Build.0 = Release|Any CPU
		{5FC81E6C-94C9-4D5C-91FB-9334E38EF3D9}.Debug|Any CPU.ActiveCfg = Debug|Any CPU
		{5FC81E6C-94C9-4D5C-91FB-9334E38EF3D9}.Debug|Any CPU.Build.0 = Debug|Any CPU
		{5FC81E6C-94C9-4D5C-91FB-9334E38EF3D9}.Release|Any CPU.ActiveCfg = Release|Any CPU
		{5FC81E6C-94C9-4D5C-91FB-9334E38EF3D9}.Release|Any CPU.Build.0 = Release|Any CPU
		{C3E43254-7B50-4D60-9DE5-FD9202428E12}.Debug|Any CPU.ActiveCfg = Debug|Any CPU
		{C3E43254-7B50-4D60-9DE5-FD9202428E12}.Debug|Any CPU.Build.0 = Debug|Any CPU
		{C3E43254-7B50-4D60-9DE5-FD9202428E12}.Release|Any CPU.ActiveCfg = Release|Any CPU
		{C3E43254-7B50-4D60-9DE5-FD9202428E12}.Release|Any CPU.Build.0 = Release|Any CPU
		{D47719AE-9BBB-4D3D-900F-F329FEFA5EB4}.Debug|Any CPU.ActiveCfg = Debug|Any CPU
		{D47719AE-9BBB-4D3D-900F-F329FEFA5EB4}.Debug|Any CPU.Build.0 = Debug|Any CPU
		{D47719AE-9BBB-4D3D-900F-F329FEFA5EB4}.Release|Any CPU.ActiveCfg = Release|Any CPU
		{D47719AE-9BBB-4D3D-900F-F329FEFA5EB4}.Release|Any CPU.Build.0 = Release|Any CPU
		{769D3908-685D-4602-8320-BBE571DD4277}.Debug|Any CPU.ActiveCfg = Debug|Any CPU
		{769D3908-685D-4602-8320-BBE571DD4277}.Debug|Any CPU.Build.0 = Debug|Any CPU
		{769D3908-685D-4602-8320-BBE571DD4277}.Release|Any CPU.ActiveCfg = Release|Any CPU
		{769D3908-685D-4602-8320-BBE571DD4277}.Release|Any CPU.Build.0 = Release|Any CPU
		{9B23749E-9DC2-487F-8F40-BAF528321ADB}.Debug|Any CPU.ActiveCfg = Debug|Any CPU
		{9B23749E-9DC2-487F-8F40-BAF528321ADB}.Debug|Any CPU.Build.0 = Debug|Any CPU
		{9B23749E-9DC2-487F-8F40-BAF528321ADB}.Release|Any CPU.ActiveCfg = Release|Any CPU
		{9B23749E-9DC2-487F-8F40-BAF528321ADB}.Release|Any CPU.Build.0 = Release|Any CPU
		{8A86B243-A063-436F-97AA-5892A2330094}.Debug|Any CPU.ActiveCfg = Debug|Any CPU
		{8A86B243-A063-436F-97AA-5892A2330094}.Debug|Any CPU.Build.0 = Debug|Any CPU
		{8A86B243-A063-436F-97AA-5892A2330094}.Release|Any CPU.ActiveCfg = Release|Any CPU
		{8A86B243-A063-436F-97AA-5892A2330094}.Release|Any CPU.Build.0 = Release|Any CPU
		{4C13212D-272B-4F8C-8587-DE64F8563B49}.Debug|Any CPU.ActiveCfg = Debug|Any CPU
		{4C13212D-272B-4F8C-8587-DE64F8563B49}.Debug|Any CPU.Build.0 = Debug|Any CPU
		{4C13212D-272B-4F8C-8587-DE64F8563B49}.Release|Any CPU.ActiveCfg = Release|Any CPU
		{4C13212D-272B-4F8C-8587-DE64F8563B49}.Release|Any CPU.Build.0 = Release|Any CPU
		{06A29E95-D3CF-46A7-9FF9-DA888CE7F75B}.Debug|Any CPU.ActiveCfg = Debug|Any CPU
		{06A29E95-D3CF-46A7-9FF9-DA888CE7F75B}.Debug|Any CPU.Build.0 = Debug|Any CPU
		{06A29E95-D3CF-46A7-9FF9-DA888CE7F75B}.Release|Any CPU.ActiveCfg = Release|Any CPU
		{06A29E95-D3CF-46A7-9FF9-DA888CE7F75B}.Release|Any CPU.Build.0 = Release|Any CPU
		{394F58CF-94E2-4E5F-9A4C-120813007B86}.Debug|Any CPU.ActiveCfg = Debug|Any CPU
		{394F58CF-94E2-4E5F-9A4C-120813007B86}.Debug|Any CPU.Build.0 = Debug|Any CPU
		{394F58CF-94E2-4E5F-9A4C-120813007B86}.Release|Any CPU.ActiveCfg = Release|Any CPU
		{394F58CF-94E2-4E5F-9A4C-120813007B86}.Release|Any CPU.Build.0 = Release|Any CPU
		{3BDDF232-B31E-4683-B9B1-08041A3A7292}.Debug|Any CPU.ActiveCfg = Debug|Any CPU
		{3BDDF232-B31E-4683-B9B1-08041A3A7292}.Debug|Any CPU.Build.0 = Debug|Any CPU
		{3BDDF232-B31E-4683-B9B1-08041A3A7292}.Release|Any CPU.ActiveCfg = Release|Any CPU
		{3BDDF232-B31E-4683-B9B1-08041A3A7292}.Release|Any CPU.Build.0 = Release|Any CPU
		{E8A45C80-A61B-493D-836B-72873F21B0EF}.Debug|Any CPU.ActiveCfg = Debug|Any CPU
		{E8A45C80-A61B-493D-836B-72873F21B0EF}.Debug|Any CPU.Build.0 = Debug|Any CPU
		{E8A45C80-A61B-493D-836B-72873F21B0EF}.Release|Any CPU.ActiveCfg = Release|Any CPU
		{E8A45C80-A61B-493D-836B-72873F21B0EF}.Release|Any CPU.Build.0 = Release|Any CPU
		{E6B26E24-A574-4B1C-A220-AD028F23D933}.Debug|Any CPU.ActiveCfg = Debug|Any CPU
		{E6B26E24-A574-4B1C-A220-AD028F23D933}.Debug|Any CPU.Build.0 = Debug|Any CPU
		{E6B26E24-A574-4B1C-A220-AD028F23D933}.Release|Any CPU.ActiveCfg = Release|Any CPU
		{E6B26E24-A574-4B1C-A220-AD028F23D933}.Release|Any CPU.Build.0 = Release|Any CPU
		{AA16FBEC-DD26-4AF2-9EFB-8F116C28EF8E}.Debug|Any CPU.ActiveCfg = Debug|Any CPU
		{AA16FBEC-DD26-4AF2-9EFB-8F116C28EF8E}.Debug|Any CPU.Build.0 = Debug|Any CPU
		{AA16FBEC-DD26-4AF2-9EFB-8F116C28EF8E}.Release|Any CPU.ActiveCfg = Release|Any CPU
		{AA16FBEC-DD26-4AF2-9EFB-8F116C28EF8E}.Release|Any CPU.Build.0 = Release|Any CPU
		{24BF3A87-D1FE-4D8B-A449-5937753F67CA}.Debug|Any CPU.ActiveCfg = Debug|Any CPU
		{24BF3A87-D1FE-4D8B-A449-5937753F67CA}.Debug|Any CPU.Build.0 = Debug|Any CPU
		{24BF3A87-D1FE-4D8B-A449-5937753F67CA}.Release|Any CPU.ActiveCfg = Release|Any CPU
		{24BF3A87-D1FE-4D8B-A449-5937753F67CA}.Release|Any CPU.Build.0 = Release|Any CPU
		{BC1A9C8E-A7CF-4B5E-8B7E-43E2D5CA6BD5}.Debug|Any CPU.ActiveCfg = Debug|Any CPU
		{BC1A9C8E-A7CF-4B5E-8B7E-43E2D5CA6BD5}.Debug|Any CPU.Build.0 = Debug|Any CPU
		{BC1A9C8E-A7CF-4B5E-8B7E-43E2D5CA6BD5}.Release|Any CPU.ActiveCfg = Release|Any CPU
		{BC1A9C8E-A7CF-4B5E-8B7E-43E2D5CA6BD5}.Release|Any CPU.Build.0 = Release|Any CPU
		{9EAE534F-B7EA-4257-9594-D53DC81C62A3}.Debug|Any CPU.ActiveCfg = Debug|Any CPU
		{9EAE534F-B7EA-4257-9594-D53DC81C62A3}.Debug|Any CPU.Build.0 = Debug|Any CPU
		{9EAE534F-B7EA-4257-9594-D53DC81C62A3}.Release|Any CPU.ActiveCfg = Release|Any CPU
		{9EAE534F-B7EA-4257-9594-D53DC81C62A3}.Release|Any CPU.Build.0 = Release|Any CPU
		{8508DF52-7E76-4948-AA1F-8745B9E173B3}.Debug|Any CPU.ActiveCfg = Debug|Any CPU
		{8508DF52-7E76-4948-AA1F-8745B9E173B3}.Debug|Any CPU.Build.0 = Debug|Any CPU
		{8508DF52-7E76-4948-AA1F-8745B9E173B3}.Release|Any CPU.ActiveCfg = Release|Any CPU
		{8508DF52-7E76-4948-AA1F-8745B9E173B3}.Release|Any CPU.Build.0 = Release|Any CPU
		{6619FE42-8173-48CE-8812-9D0E383127D1}.Debug|Any CPU.ActiveCfg = Debug|Any CPU
		{6619FE42-8173-48CE-8812-9D0E383127D1}.Debug|Any CPU.Build.0 = Debug|Any CPU
		{6619FE42-8173-48CE-8812-9D0E383127D1}.Release|Any CPU.ActiveCfg = Release|Any CPU
		{6619FE42-8173-48CE-8812-9D0E383127D1}.Release|Any CPU.Build.0 = Release|Any CPU
		{E2952EA5-EAF5-4AB3-9B4E-D6DC4CBB3F82}.Debug|Any CPU.ActiveCfg = Debug|Any CPU
		{E2952EA5-EAF5-4AB3-9B4E-D6DC4CBB3F82}.Debug|Any CPU.Build.0 = Debug|Any CPU
		{E2952EA5-EAF5-4AB3-9B4E-D6DC4CBB3F82}.Release|Any CPU.ActiveCfg = Release|Any CPU
		{E2952EA5-EAF5-4AB3-9B4E-D6DC4CBB3F82}.Release|Any CPU.Build.0 = Release|Any CPU
		{4292234A-49A9-4D95-AB1B-14F1BADD7D50}.Debug|Any CPU.ActiveCfg = Debug|Any CPU
		{4292234A-49A9-4D95-AB1B-14F1BADD7D50}.Debug|Any CPU.Build.0 = Debug|Any CPU
		{4292234A-49A9-4D95-AB1B-14F1BADD7D50}.Release|Any CPU.ActiveCfg = Release|Any CPU
		{4292234A-49A9-4D95-AB1B-14F1BADD7D50}.Release|Any CPU.Build.0 = Release|Any CPU
		{EC96401D-2D09-42F9-B25A-F28657A1395F}.Debug|Any CPU.ActiveCfg = Debug|Any CPU
		{EC96401D-2D09-42F9-B25A-F28657A1395F}.Debug|Any CPU.Build.0 = Debug|Any CPU
		{EC96401D-2D09-42F9-B25A-F28657A1395F}.Release|Any CPU.ActiveCfg = Release|Any CPU
		{EC96401D-2D09-42F9-B25A-F28657A1395F}.Release|Any CPU.Build.0 = Release|Any CPU
		{4063AA0B-461C-43AC-BCC2-9D89C32FB61F}.Debug|Any CPU.ActiveCfg = Debug|Any CPU
		{4063AA0B-461C-43AC-BCC2-9D89C32FB61F}.Debug|Any CPU.Build.0 = Debug|Any CPU
		{4063AA0B-461C-43AC-BCC2-9D89C32FB61F}.Release|Any CPU.ActiveCfg = Release|Any CPU
		{4063AA0B-461C-43AC-BCC2-9D89C32FB61F}.Release|Any CPU.Build.0 = Release|Any CPU
	EndGlobalSection
	GlobalSection(NestedProjects) = preSolution
		{BFBD3233-0386-4DF1-8AE1-56DB0DF1CADD} = {AE4F94C0-2B3A-404B-B567-D9E003E895E7}
	EndGlobalSection
EndGlobal
