
Microsoft Visual Studio Solution File, Format Version 12.00
Project("{FAE04EC0-301F-11D3-BF4B-00C04F79EFBC}") = "ObjemAPovrchKvadru", "ObjemAPovrchKvadru\ObjemAPovrchKvadru.csproj", "{BFBD3233-0386-4DF1-8AE1-56DB0DF1CADD}"
EndProject
Project("{FAE04EC0-301F-11D3-BF4B-00C04F79EFBC}") = "PytagorovaVeta", "..\PytagorovaVeta\PytagorovaVeta\PytagorovaVeta.csproj", "{98A40069-74D1-4CDD-B20F-956094F2BD25}"
EndProject
Project("{2150E333-8FDC-42A3-9474-1A3956D46DE8}") = "ObjemAPovrchKvadru", "ObjemAPovrchKvadru", "{AE4F94C0-2B3A-404B-B567-D9E003E895E7}"
EndProject
Project("{FAE04EC0-301F-11D3-BF4B-00C04F79EFBC}") = "DatoveTypy", "DatoveTypy\DatoveTypy.csproj", "{465DE658-11BC-445D-8D6F-DCB1237FAFEC}"
EndProject
Project("{FAE04EC0-301F-11D3-BF4B-00C04F79EFBC}") = "ObsahCtvrce", "ObsahCtvrce\ObsahCtvrce.csproj", "{A9ED0474-5B75-45A1-A258-34E8AB80BF19}"
EndProject
Project("{FAE04EC0-301F-11D3-BF4B-00C04F79EFBC}") = "DomaciAHoste", "DomaciAHoste\DomaciAHoste.csproj", "{CF0B0AAC-5685-4BD5-8D12-A759643606C2}"
EndProject
Project("{FAE04EC0-301F-11D3-BF4B-00C04F79EFBC}") = "NakupniKosik", "NakupniKosik\NakupniKosik.csproj", "{7D1A42D7-9339-463E-BD7B-5878EACECDF7}"
EndProject
Project("{FAE04EC0-301F-11D3-BF4B-00C04F79EFBC}") = "VymenaKaret", "VymenaKaret\VymenaKaret.csproj", "{D60EAE29-B8F7-44F5-8FF2-779FF8C438CE}"
EndProject
Project("{FAE04EC0-301F-11D3-BF4B-00C04F79EFBC}") = "NejSkola", "NejSkola\NejSkola.csproj", "{5FC81E6C-94C9-4D5C-91FB-9334E38EF3D9}"
EndProject
Global
	GlobalSection(SolutionConfigurationPlatforms) = preSolution
		Debug|Any CPU = Debug|Any CPU
		Release|Any CPU = Release|Any CPU
	EndGlobalSection
	GlobalSection(ProjectConfigurationPlatforms) = postSolution
		{BFBD3233-0386-4DF1-8AE1-56DB0DF1CADD}.Debug|Any CPU.ActiveCfg = Debug|Any CPU
		{BFBD3233-0386-4DF1-8AE1-56DB0DF1CADD}.Debug|Any CPU.Build.0 = Debug|Any CPU
		{BFBD3233-0386-4DF1-8AE1-56DB0DF1CADD}.Release|Any CPU.ActiveCfg = Release|Any CPU
		{BFBD3233-0386-4DF1-8AE1-56DB0DF1CADD}.Release|Any CPU.Build.0 = Release|Any CPU
		{98A40069-74D1-4CDD-B20F-956094F2BD25}.Debug|Any CPU.ActiveCfg = Debug|Any CPU
		{98A40069-74D1-4CDD-B20F-956094F2BD25}.Debug|Any CPU.Build.0 = Debug|Any CPU
		{98A40069-74D1-4CDD-B20F-956094F2BD25}.Release|Any CPU.ActiveCfg = Release|Any CPU
		{98A40069-74D1-4CDD-B20F-956094F2BD25}.Release|Any CPU.Build.0 = Release|Any CPU
		{465DE658-11BC-445D-8D6F-DCB1237FAFEC}.Debug|Any CPU.ActiveCfg = Debug|Any CPU
		{465DE658-11BC-445D-8D6F-DCB1237FAFEC}.Debug|Any CPU.Build.0 = Debug|Any CPU
		{465DE658-11BC-445D-8D6F-DCB1237FAFEC}.Release|Any CPU.ActiveCfg = Release|Any CPU
		{465DE658-11BC-445D-8D6F-DCB1237FAFEC}.Release|Any CPU.Build.0 = Release|Any CPU
		{A9ED0474-5B75-45A1-A258-34E8AB80BF19}.Debug|Any CPU.ActiveCfg = Debug|Any CPU
		{A9ED0474-5B75-45A1-A258-34E8AB80BF19}.Debug|Any CPU.Build.0 = Debug|Any CPU
		{A9ED0474-5B75-45A1-A258-34E8AB80BF19}.Release|Any CPU.ActiveCfg = Release|Any CPU
		{A9ED0474-5B75-45A1-A258-34E8AB80BF19}.Release|Any CPU.Build.0 = Release|Any CPU
		{CF0B0AAC-5685-4BD5-8D12-A759643606C2}.Debug|Any CPU.ActiveCfg = Debug|Any CPU
		{CF0B0AAC-5685-4BD5-8D12-A759643606C2}.Debug|Any CPU.Build.0 = Debug|Any CPU
		{CF0B0AAC-5685-4BD5-8D12-A759643606C2}.Release|Any CPU.ActiveCfg = Release|Any CPU
		{CF0B0AAC-5685-4BD5-8D12-A759643606C2}.Release|Any CPU.Build.0 = Release|Any CPU
		{7D1A42D7-9339-463E-BD7B-5878EACECDF7}.Debug|Any CPU.ActiveCfg = Debug|Any CPU
		{7D1A42D7-9339-463E-BD7B-5878EACECDF7}.Debug|Any CPU.Build.0 = Debug|Any CPU
		{7D1A42D7-9339-463E-BD7B-5878EACECDF7}.Release|Any CPU.ActiveCfg = Release|Any CPU
		{7D1A42D7-9339-463E-BD7B-5878EACECDF7}.Release|Any CPU.Build.0 = Release|Any CPU
		{D60EAE29-B8F7-44F5-8FF2-779FF8C438CE}.Debug|Any CPU.ActiveCfg = Debug|Any CPU
		{D60EAE29-B8F7-44F5-8FF2-779FF8C438CE}.Debug|Any CPU.Build.0 = Debug|Any CPU
		{D60EAE29-B8F7-44F5-8FF2-779FF8C438CE}.Release|Any CPU.ActiveCfg = Release|Any CPU
		{D60EAE29-B8F7-44F5-8FF2-779FF8C438CE}.Release|Any CPU.Build.0 = Release|Any CPU
		{5FC81E6C-94C9-4D5C-91FB-9334E38EF3D9}.Debug|Any CPU.ActiveCfg = Debug|Any CPU
		{5FC81E6C-94C9-4D5C-91FB-9334E38EF3D9}.Debug|Any CPU.Build.0 = Debug|Any CPU
		{5FC81E6C-94C9-4D5C-91FB-9334E38EF3D9}.Release|Any CPU.ActiveCfg = Release|Any CPU
		{5FC81E6C-94C9-4D5C-91FB-9334E38EF3D9}.Release|Any CPU.Build.0 = Release|Any CPU
	EndGlobalSection
	GlobalSection(NestedProjects) = preSolution
		{BFBD3233-0386-4DF1-8AE1-56DB0DF1CADD} = {AE4F94C0-2B3A-404B-B567-D9E003E895E7}
	EndGlobalSection
EndGlobal
